// !$*UTF8*$!
{
	archiveVersion = 1;
	classes = {
	};
	objectVersion = 56;
	objects = {

/* Begin PBXBuildFile section */
		BB000001000000000000001A /* ClaudePetApp.swift in Sources */ = {isa = PBXBuildFile; fileRef = AA000001000000000000001A /* ClaudePetApp.swift */; };
		BB000002000000000000001A /* AuthLoader.swift in Sources */ = {isa = PBXBuildFile; fileRef = AA000002000000000000001A /* AuthLoader.swift */; };
		BB000003000000000000001A /* PetManager.swift in Sources */ = {isa = PBXBuildFile; fileRef = AA000003000000000000001A /* PetManager.swift */; };
		BB000004000000000000001A /* MenuBarView.swift in Sources */ = {isa = PBXBuildFile; fileRef = AA000004000000000000001A /* MenuBarView.swift */; };
		BB000005000000000000001A /* PopoverView.swift in Sources */ = {isa = PBXBuildFile; fileRef = AA000005000000000000001A /* PopoverView.swift */; };
		BB000006000000000000001A /* Assets.xcassets in Resources */ = {isa = PBXBuildFile; fileRef = AA000006000000000000001A /* Assets.xcassets */; };
		BB000008000000000000001A /* JournalLoader.swift in Sources */ = {isa = PBXBuildFile; fileRef = AA000008000000000000001A /* JournalLoader.swift */; };
		BB000009000000000000001A /* AnalyticsView.swift in Sources */ = {isa = PBXBuildFile; fileRef = AA000009000000000000001A /* AnalyticsView.swift */; };
		BB00000A000000000000001A /* SettingsView.swift in Sources */ = {isa = PBXBuildFile; fileRef = AA00000A000000000000001A /* SettingsView.swift */; };
		BB00000B000000000000001A /* AnimatedPetView.swift in Sources */ = {isa = PBXBuildFile; fileRef = AA00000B000000000000001A /* AnimatedPetView.swift */; };
		BB00000C000000000000001A /* UsageAPIClient.swift in Sources */ = {isa = PBXBuildFile; fileRef = AA00000C000000000000001A /* UsageAPIClient.swift */; };
		BB00000D000000000000001A /* SpriteFrameCatalog.swift in Sources */ = {isa = PBXBuildFile; fileRef = AA00000D000000000000001A /* SpriteFrameCatalog.swift */; };
		BB00000E000000000000001A /* UsageViewState.swift in Sources */ = {isa = PBXBuildFile; fileRef = AA00000E000000000000001A /* UsageViewState.swift */; };
/* End PBXBuildFile section */

/* Begin PBXFileReference section */
		83CBB9F51A601CBA00E9B192 /* ClaudePet.app */ = {isa = PBXFileReference; explicitFileType = wrapper.application; includeInIndex = 0; path = ClaudePet.app; sourceTree = BUILT_PRODUCTS_DIR; };
		AA000001000000000000001A /* ClaudePetApp.swift */ = {isa = PBXFileReference; lastKnownFileType = sourcecode.swift; path = ClaudePetApp.swift; sourceTree = "<group>"; };
		AA000002000000000000001A /* AuthLoader.swift */ = {isa = PBXFileReference; lastKnownFileType = sourcecode.swift; path = AuthLoader.swift; sourceTree = "<group>"; };
		AA000003000000000000001A /* PetManager.swift */ = {isa = PBXFileReference; lastKnownFileType = sourcecode.swift; path = PetManager.swift; sourceTree = "<group>"; };
		AA000004000000000000001A /* MenuBarView.swift */ = {isa = PBXFileReference; lastKnownFileType = sourcecode.swift; path = MenuBarView.swift; sourceTree = "<group>"; };
		AA000005000000000000001A /* PopoverView.swift */ = {isa = PBXFileReference; lastKnownFileType = sourcecode.swift; path = PopoverView.swift; sourceTree = "<group>"; };
		AA000006000000000000001A /* Assets.xcassets */ = {isa = PBXFileReference; lastKnownFileType = folder.assetcatalog; path = Assets.xcassets; sourceTree = "<group>"; };
		AA000007000000000000001A /* ClaudePet.entitlements */ = {isa = PBXFileReference; lastKnownFileType = text.plist.entitlements; path = ClaudePet.entitlements; sourceTree = "<group>"; };
		AA000008000000000000001A /* JournalLoader.swift */ = {isa = PBXFileReference; lastKnownFileType = sourcecode.swift; path = JournalLoader.swift; sourceTree = "<group>"; };
		AA000009000000000000001A /* AnalyticsView.swift */ = {isa = PBXFileReference; lastKnownFileType = sourcecode.swift; path = AnalyticsView.swift; sourceTree = "<group>"; };
		AA00000A000000000000001A /* SettingsView.swift */ = {isa = PBXFileReference; lastKnownFileType = sourcecode.swift; path = SettingsView.swift; sourceTree = "<group>"; };
		AA00000B000000000000001A /* AnimatedPetView.swift */ = {isa = PBXFileReference; lastKnownFileType = sourcecode.swift; path = AnimatedPetView.swift; sourceTree = "<group>"; };
		AA00000C000000000000001A /* UsageAPIClient.swift */ = {isa = PBXFileReference; lastKnownFileType = sourcecode.swift; path = UsageAPIClient.swift; sourceTree = "<group>"; };
		AA00000D000000000000001A /* SpriteFrameCatalog.swift */ = {isa = PBXFileReference; lastKnownFileType = sourcecode.swift; path = SpriteFrameCatalog.swift; sourceTree = "<group>"; };
		AA00000E000000000000001A /* UsageViewState.swift */ = {isa = PBXFileReference; lastKnownFileType = sourcecode.swift; path = UsageViewState.swift; sourceTree = "<group>"; };
/* End PBXFileReference section */

/* Begin PBXFrameworksBuildPhase section */
		83CBBA001A601CBA00E9B192 /* Frameworks */ = {
			isa = PBXFrameworksBuildPhase;
			buildActionMask = 2147483647;
			files = (
			);
			runOnlyForDeploymentPostprocessing = 0;
		};
/* End PBXFrameworksBuildPhase section */

/* Begin PBXGroup section */
		83CBB9F21A601CBA00E9B192 /* ClaudePet */ = {
			isa = PBXGroup;
			children = (
				AA000001000000000000001A /* ClaudePetApp.swift */,
				AA000002000000000000001A /* AuthLoader.swift */,
				AA000003000000000000001A /* PetManager.swift */,
				AA000004000000000000001A /* MenuBarView.swift */,
				AA000005000000000000001A /* PopoverView.swift */,
				AA000006000000000000001A /* Assets.xcassets */,
				AA000007000000000000001A /* ClaudePet.entitlements */,
				AA000008000000000000001A /* JournalLoader.swift */,
				AA000009000000000000001A /* AnalyticsView.swift */,
				AA00000A000000000000001A /* SettingsView.swift */,
				AA00000B000000000000001A /* AnimatedPetView.swift */,
				AA00000C000000000000001A /* UsageAPIClient.swift */,
				AA00000D000000000000001A /* SpriteFrameCatalog.swift */,
				AA00000E000000000000001A /* UsageViewState.swift */,
			);
			path = ClaudePet;
			sourceTree = "<group>";
		};
		83CBB9F31A601CBA00E9B192 /* Products */ = {
			isa = PBXGroup;
			children = (
				83CBB9F51A601CBA00E9B192 /* ClaudePet.app */,
			);
			name = Products;
			sourceTree = "<group>";
		};
		CC000000000000000000001A = {
			isa = PBXGroup;
			children = (
				83CBB9F21A601CBA00E9B192 /* ClaudePet */,
				83CBB9F31A601CBA00E9B192 /* Products */,
			);
			sourceTree = "<group>";
		};
/* End PBXGroup section */

/* Begin PBXNativeTarget section */
		83CBB9F61A601CBA00E9B192 /* ClaudePet */ = {
			isa = PBXNativeTarget;
			buildConfigurationList = 83CBB9F91A601CBA00E9B192 /* Build configuration list for PBXNativeTarget "ClaudePet" */;
			buildPhases = (
				83CBBA001A601CBA00E9B192 /* Frameworks */,
				83CBB9FE1A601CBA00E9B192 /* Sources */,
				83CBB9FF1A601CBA00E9B192 /* Resources */,
			);
			buildRules = (
			);
			dependencies = (
			);
			name = ClaudePet;
			productName = ClaudePet;
			productReference = 83CBB9F51A601CBA00E9B192 /* ClaudePet.app */;
			productType = "com.apple.product-type.application";
		};
/* End PBXNativeTarget section */

/* Begin PBXProject section */
		83CBB9F71A601CBA00E9B192 /* Project object */ = {
			isa = PBXProject;
			attributes = {
				BuildIndependentTargetsInParallel = 1;
				LastSwiftUpdateCheck = 1500;
				LastUpgradeCheck = 2630;
				TargetAttributes = {
					83CBB9F61A601CBA00E9B192 = {
						CreatedOnToolsVersion = 15.0;
					};
				};
			};
			buildConfigurationList = 83CBB9F81A601CBA00E9B192 /* Build configuration list for PBXProject "ClaudePet" */;
			compatibilityVersion = "Xcode 14.0";
			developmentRegion = en;
			hasScannedForEncodings = 0;
			knownRegions = (
				en,
				Base,
			);
			mainGroup = CC000000000000000000001A;
			productRefGroup = 83CBB9F31A601CBA00E9B192 /* Products */;
			projectDirPath = "";
			projectRoot = "";
			targets = (
				83CBB9F61A601CBA00E9B192 /* ClaudePet */,
			);
		};
/* End PBXProject section */

/* Begin PBXResourcesBuildPhase section */
		83CBB9FF1A601CBA00E9B192 /* Resources */ = {
			isa = PBXResourcesBuildPhase;
			buildActionMask = 2147483647;
			files = (
				BB000006000000000000001A /* Assets.xcassets in Resources */,
			);
			runOnlyForDeploymentPostprocessing = 0;
		};
/* End PBXResourcesBuildPhase section */

/* Begin PBXSourcesBuildPhase section */
		83CBB9FE1A601CBA00E9B192 /* Sources */ = {
			isa = PBXSourcesBuildPhase;
			buildActionMask = 2147483647;
			files = (
				BB000001000000000000001A /* ClaudePetApp.swift in Sources */,
				BB000002000000000000001A /* AuthLoader.swift in Sources */,
				BB000003000000000000001A /* PetManager.swift in Sources */,
				BB000004000000000000001A /* MenuBarView.swift in Sources */,
				BB000005000000000000001A /* PopoverView.swift in Sources */,
				BB000008000000000000001A /* JournalLoader.swift in Sources */,
				BB000009000000000000001A /* AnalyticsView.swift in Sources */,
				BB00000A000000000000001A /* SettingsView.swift in Sources */,
				BB00000B000000000000001A /* AnimatedPetView.swift in Sources */,
				BB00000C000000000000001A /* UsageAPIClient.swift in Sources */,
				BB00000D000000000000001A /* SpriteFrameCatalog.swift in Sources */,
				BB00000E000000000000001A /* UsageViewState.swift in Sources */,
			);
			runOnlyForDeploymentPostprocessing = 0;
		};
/* End PBXSourcesBuildPhase section */

/* Begin XCBuildConfiguration section */
		83CBB9FA1A601CBA00E9B192 /* Debug */ = {
			isa = XCBuildConfiguration;
			buildSettings = {
				ALWAYS_SEARCH_USER_PATHS = NO;
				ASSETCATALOG_COMPILER_GENERATE_SWIFT_ASSET_SYMBOL_EXTENSIONS = YES;
				CLANG_ANALYZER_NONNULL = YES;
				CLANG_ANALYZER_NUMBER_OBJECT_CONVERSION = YES_AGGRESSIVE;
				CLANG_CXX_LANGUAGE_STANDARD = "gnu++20";
				CLANG_ENABLE_MODULES = YES;
				CLANG_ENABLE_OBJC_ARC = YES;
				CLANG_ENABLE_OBJC_WEAK = YES;
				CLANG_WARN_BLOCK_CAPTURE_AUTORELEASING = YES;
				CLANG_WARN_BOOL_CONVERSION = YES;
				CLANG_WARN_COMMA = YES;
				CLANG_WARN_CONSTANT_CONVERSION = YES;
				CLANG_WARN_DEPRECATED_OBJC_IMPLEMENTATIONS = YES;
				CLANG_WARN_DIRECT_OBJC_ISA_USAGE = YES_ERROR;
				CLANG_WARN_DOCUMENTATION_COMMENTS = YES;
				CLANG_WARN_EMPTY_BODY = YES;
				CLANG_WARN_ENUM_CONVERSION = YES;
				CLANG_WARN_INFINITE_RECURSION = YES;
				CLANG_WARN_INT_CONVERSION = YES;
				CLANG_WARN_NON_LITERAL_NULL_CONVERSION = YES;
				CLANG_WARN_OBJC_IMPLICIT_RETAIN_SELF = YES;
				CLANG_WARN_OBJC_LITERAL_CONVERSION = YES;
				CLANG_WARN_OBJC_ROOT_CLASS = YES_ERROR;
				CLANG_WARN_QUOTED_INCLUDE_IN_FRAMEWORK_HEADER = YES;
				CLANG_WARN_RANGE_LOOP_ANALYSIS = YES;
				CLANG_WARN_STRICT_PROTOTYPES = YES;
				CLANG_WARN_SUSPICIOUS_MOVE = YES;
				CLANG_WARN_UNGUARDED_AVAILABILITY = YES_AGGRESSIVE;
				CLANG_WARN_UNREACHABLE_CODE = YES;
				CLANG_WARN__DUPLICATE_METHOD_MATCH = YES;
				COPY_PHASE_STRIP = NO;
				DEAD_CODE_STRIPPING = YES;
				DEBUG_INFORMATION_FORMAT = dwarf;
				ENABLE_STRICT_OBJC_MSGSEND = YES;
				ENABLE_TESTABILITY = YES;
				ENABLE_USER_SCRIPT_SANDBOXING = YES;
				GCC_C_LANGUAGE_STANDARD = gnu17;
				GCC_DYNAMIC_NO_PIC = NO;
				GCC_NO_COMMON_BLOCKS = YES;
				GCC_OPTIMIZATION_LEVEL = 0;
				GCC_PREPROCESSOR_DEFINITIONS = (
					"DEBUG=1",
					"$(inherited)",
				);
				GCC_WARN_64_TO_32_BIT_CONVERSION = YES;
				GCC_WARN_ABOUT_RETURN_TYPE = YES_ERROR;
				GCC_WARN_UNDECLARED_SELECTOR = YES;
				GCC_WARN_UNINITIALIZED_AUTOS = YES_AGGRESSIVE;
				GCC_WARN_UNUSED_FUNCTION = YES;
				GCC_WARN_UNUSED_VARIABLE = YES;
				MACOSX_DEPLOYMENT_TARGET = 13.0;
				MTL_ENABLE_DEBUG_INFO = INCLUDE_SOURCE;
				MTL_FAST_MATH = YES;
				ONLY_ACTIVE_ARCH = YES;
				SDKROOT = macosx;
				STRING_CATALOG_GENERATE_SYMBOLS = YES;
				SWIFT_ACTIVE_COMPILATION_CONDITIONS = "DEBUG $(inherited)";
				SWIFT_OPTIMIZATION_LEVEL = "-Onone";
			};
			name = Debug;
		};
		83CBB9FB1A601CBA00E9B192 /* Release */ = {
			isa = XCBuildConfiguration;
			buildSettings = {
				ALWAYS_SEARCH_USER_PATHS = NO;
				ASSETCATALOG_COMPILER_GENERATE_SWIFT_ASSET_SYMBOL_EXTENSIONS = YES;
				CLANG_ANALYZER_NONNULL = YES;
				CLANG_ANALYZER_NUMBER_OBJECT_CONVERSION = YES_AGGRESSIVE;
				CLANG_CXX_LANGUAGE_STANDARD = "gnu++20";
				CLANG_ENABLE_MODULES = YES;
				CLANG_ENABLE_OBJC_ARC = YES;
				CLANG_ENABLE_OBJC_WEAK = YES;
				CLANG_WARN_BLOCK_CAPTURE_AUTORELEASING = YES;
				CLANG_WARN_BOOL_CONVERSION = YES;
				CLANG_WARN_COMMA = YES;
				CLANG_WARN_CONSTANT_CONVERSION = YES;
				CLANG_WARN_DEPRECATED_OBJC_IMPLEMENTATIONS = YES;
				CLANG_WARN_DIRECT_OBJC_ISA_USAGE = YES_ERROR;
				CLANG_WARN_DOCUMENTATION_COMMENTS = YES;
				CLANG_WARN_EMPTY_BODY = YES;
				CLANG_WARN_ENUM_CONVERSION = YES;
				CLANG_WARN_INFINITE_RECURSION = YES;
				CLANG_WARN_INT_CONVERSION = YES;
				CLANG_WARN_NON_LITERAL_NULL_CONVERSION = YES;
				CLANG_WARN_OBJC_IMPLICIT_RETAIN_SELF = YES;
				CLANG_WARN_OBJC_LITERAL_CONVERSION = YES;
				CLANG_WARN_OBJC_ROOT_CLASS = YES_ERROR;
				CLANG_WARN_QUOTED_INCLUDE_IN_FRAMEWORK_HEADER = YES;
				CLANG_WARN_RANGE_LOOP_ANALYSIS = YES;
				CLANG_WARN_STRICT_PROTOTYPES = YES;
				CLANG_WARN_SUSPICIOUS_MOVE = YES;
				CLANG_WARN_UNGUARDED_AVAILABILITY = YES_AGGRESSIVE;
				CLANG_WARN_UNREACHABLE_CODE = YES;
				CLANG_WARN__DUPLICATE_METHOD_MATCH = YES;
				COPY_PHASE_STRIP = NO;
				DEAD_CODE_STRIPPING = YES;
				DEBUG_INFORMATION_FORMAT = "dwarf-with-dsym";
				ENABLE_NS_ASSERTIONS = NO;
				ENABLE_STRICT_OBJC_MSGSEND = YES;
				ENABLE_USER_SCRIPT_SANDBOXING = YES;
				GCC_C_LANGUAGE_STANDARD = gnu17;
				GCC_NO_COMMON_BLOCKS = YES;
				GCC_WARN_64_TO_32_BIT_CONVERSION = YES;
				GCC_WARN_ABOUT_RETURN_TYPE = YES_ERROR;
				GCC_WARN_UNDECLARED_SELECTOR = YES;
				GCC_WARN_UNINITIALIZED_AUTOS = YES_AGGRESSIVE;
				GCC_WARN_UNUSED_FUNCTION = YES;
				GCC_WARN_UNUSED_VARIABLE = YES;
				MACOSX_DEPLOYMENT_TARGET = 13.0;
				MTL_FAST_MATH = YES;
				SDKROOT = macosx;
				STRING_CATALOG_GENERATE_SYMBOLS = YES;
				SWIFT_COMPILATION_MODE = wholemodule;
			};
			name = Release;
		};
		83CBB9FC1A601CBA00E9B192 /* Debug */ = {
			isa = XCBuildConfiguration;
			buildSettings = {
				ASSETCATALOG_COMPILER_APPICON_NAME = AppIcon;
				ASSETCATALOG_COMPILER_GLOBAL_ACCENT_COLOR_NAME = AccentColor;
				CODE_SIGN_ENTITLEMENTS = ClaudePet/ClaudePet.entitlements;
				CODE_SIGN_STYLE = Automatic;
				COMBINE_HIDPI_IMAGES = YES;
				CURRENT_PROJECT_VERSION = 1;
				DEAD_CODE_STRIPPING = YES;
				GENERATE_INFOPLIST_FILE = YES;
				INFOPLIST_KEY_LSUIElement = YES;
				INFOPLIST_KEY_NSHumanReadableDescription = "Monitor Claude token usage in your menu bar";
				INFOPLIST_KEY_NSPrincipalClass = NSApplication;
				LD_RUNPATH_SEARCH_PATHS = (
					"$(inherited)",
					"@executable_path/../Frameworks",
				);
				MARKETING_VERSION = 1.0;
				PRODUCT_BUNDLE_IDENTIFIER = com.hoon.ClaudePet;
				PRODUCT_NAME = "$(TARGET_NAME)";
				SWIFT_EMIT_LOC_STRINGS = YES;
				SWIFT_VERSION = 5.0;
			};
			name = Debug;
		};
		83CBB9FD1A601CBA00E9B192 /* Release */ = {
			isa = XCBuildConfiguration;
			buildSettings = {
				ASSETCATALOG_COMPILER_APPICON_NAME = AppIcon;
				ASSETCATALOG_COMPILER_GLOBAL_ACCENT_COLOR_NAME = AccentColor;
				CODE_SIGN_ENTITLEMENTS = ClaudePet/ClaudePet.entitlements;
				CODE_SIGN_STYLE = Automatic;
				COMBINE_HIDPI_IMAGES = YES;
				CURRENT_PROJECT_VERSION = 1;
				DEAD_CODE_STRIPPING = YES;
				GENERATE_INFOPLIST_FILE = YES;
				INFOPLIST_KEY_LSUIElement = YES;
				INFOPLIST_KEY_NSHumanReadableDescription = "Monitor Claude token usage in your menu bar";
				INFOPLIST_KEY_NSPrincipalClass = NSApplication;
				LD_RUNPATH_SEARCH_PATHS = (
					"$(inherited)",
					"@executable_path/../Frameworks",
				);
				MARKETING_VERSION = 1.0;
				PRODUCT_BUNDLE_IDENTIFIER = com.hoon.ClaudePet;
				PRODUCT_NAME = "$(TARGET_NAME)";
				SWIFT_EMIT_LOC_STRINGS = YES;
				SWIFT_VERSION = 5.0;
			};
			name = Release;
		};
/* End XCBuildConfiguration section */

/* Begin XCConfigurationList section */
		83CBB9F81A601CBA00E9B192 /* Build configuration list for PBXProject "ClaudePet" */ = {
			isa = XCConfigurationList;
			buildConfigurations = (
				83CBB9FA1A601CBA00E9B192 /* Debug */,
				83CBB9FB1A601CBA00E9B192 /* Release */,
			);
			defaultConfigurationIsVisible = 0;
			defaultConfigurationName = Release;
		};
		83CBB9F91A601CBA00E9B192 /* Build configuration list for PBXNativeTarget "ClaudePet" */ = {
			isa = XCConfigurationList;
			buildConfigurations = (
				83CBB9FC1A601CBA00E9B192 /* Debug */,
				83CBB9FD1A601CBA00E9B192 /* Release */,
			);
			defaultConfigurationIsVisible = 0;
			defaultConfigurationName = Release;
		};
/* End XCConfigurationList section */
	};
	rootObject = 83CBB9F71A601CBA00E9B192 /* Project object */;
}
